{
  "nodes": {
    "mediawikiPlugin_CollapsibleVector": {
      "flake": false,
      "locked": {
        "lastModified": 1774759644,
        "narHash": "sha256-J1+onyiHi6RvFnVCuGS9di1IPBqaYYR7+eS/mNCVEXo=",
        "ref": "refs/heads/master",
        "rev": "cc618aa97358a975f8b8023b235e0a1586d7e4dc",
        "revCount": 371,
        "type": "git",
        "url": "https://gerrit.wikimedia.org/r/mediawiki/extensions/CollapsibleVector"
      },
      "original": {
        "type": "git",
        "url": "https://gerrit.wikimedia.org/r/mediawiki/extensions/CollapsibleVector"
      }
    },
    "mediawikiPlugin_SimpleMathJax": {
      "flake": false,
      "locked": {
        "lastModified": 1768969987,
        "narHash": "sha256-mmRe5TIQuUdJYVkDomwypy7qOkch3LE15DD3reEIQdY=",
        "owner": "jmnote",
        "repo": "SimpleMathJax",
        "rev": "b53fdec1fd420744e00e34ddb2c2bd8b40b64005",
        "type": "github"
      },
      "original": {
        "owner": "jmnote",
        "repo": "SimpleMathJax",
        "type": "github"
      }
    },
    "nixpkgs": {
      "locked": {
        "lastModified": 1776067740,
        "narHash": "sha256-B35lpsqnSZwn1Lmz06BpwF7atPgFmUgw1l8KAV3zpVQ=",
        "owner": "NixOS",
        "repo": "nixpkgs",
        "rev": "7e495b747b51f95ae15e74377c5ce1fe69c1765f",
        "type": "github"
      },
      "original": {
        "owner": "NixOS",
        "ref": "nixos-25.11",
        "repo": "nixpkgs",
        "type": "github"
      }
    },
    "root": {
      "inputs": {
        "mediawikiPlugin_CollapsibleVector": "mediawikiPlugin_CollapsibleVector",
        "mediawikiPlugin_SimpleMathJax": "mediawikiPlugin_SimpleMathJax",
        "nixpkgs": "nixpkgs"
      }
    }
  },
  "root": "root",
  "version": 7
}
